
Microsoft Visual Studio Solution File, Format Version 12.00
# Visual Studio Version 17
VisualStudioVersion = 17.0.31903.59
MinimumVisualStudioVersion = 10.0.40219.1
Project("{FAE04EC0-301F-11D3-BF4B-00C04F79EFBC}") = "API", "API\API.csproj", "{D8E72C19-471D-4A85-9EE7-F074A4CD91DE}"
EndProject
Project("{FAE04EC0-301F-11D3-BF4B-00C04F79EFBC}") = "Core", "Core\Core.csproj", "{A69692BB-7A0B-4C8B-B808-466219A9ACAC}"
EndProject
Project("{FAE04EC0-301F-11D3-BF4B-00C04F79EFBC}") = "Infrastructure", "Infrastructure\Infrastructure.csproj", "{96F47147-9F1A-4587-AACC-31152F0645FD}"
EndProject
Global
	GlobalSection(SolutionConfigurationPlatforms) = preSolution
		Debug|Any CPU = Debug|Any CPU
		Debug|x64 = Debug|x64
		Debug|x86 = Debug|x86
		Release|Any CPU = Release|Any CPU
		Release|x64 = Release|x64
		Release|x86 = Release|x86
	EndGlobalSection
	GlobalSection(ProjectConfigurationPlatforms) = postSolution
		{D8E72C19-471D-4A85-9EE7-F074A4CD91DE}.Debug|Any CPU.ActiveCfg = Debug|Any CPU
		{D8E72C19-471D-4A85-9EE7-F074A4CD91DE}.Debug|Any CPU.Build.0 = Debug|Any CPU
		{D8E72C19-471D-4A85-9EE7-F074A4CD91DE}.Debug|x64.ActiveCfg = Debug|Any CPU
		{D8E72C19-471D-4A85-9EE7-F074A4CD91DE}.Debug|x64.Build.0 = Debug|Any CPU
		{D8E72C19-471D-4A85-9EE7-F074A4CD91DE}.Debug|x86.ActiveCfg = Debug|Any CPU
		{D8E72C19-471D-4A85-9EE7-F074A4CD91DE}.Debug|x86.Build.0 = Debug|Any CPU
		{D8E72C19-471D-4A85-9EE7-F074A4CD91DE}.Release|Any CPU.ActiveCfg = Release|Any CPU
		{D8E72C19-471D-4A85-9EE7-F074A4CD91DE}.Release|Any CPU.Build.0 = Release|Any CPU
		{D8E72C19-471D-4A85-9EE7-F074A4CD91DE}.Release|x64.ActiveCfg = Release|Any CPU
		{D8E72C19-471D-4A85-9EE7-F074A4CD91DE}.Release|x64.Build.0 = Release|Any CPU
		{D8E72C19-471D-4A85-9EE7-F074A4CD91DE}.Release|x86.ActiveCfg = Release|Any CPU
		{D8E72C19-471D-4A85-9EE7-F074A4CD91DE}.Release|x86.Build.0 = Release|Any CPU
		{A69692BB-7A0B-4C8B-B808-466219A9ACAC}.Debug|Any CPU.ActiveCfg = Debug|Any CPU
		{A69692BB-7A0B-4C8B-B808-466219A9ACAC}.Debug|Any CPU.Build.0 = Debug|Any CPU
		{A69692BB-7A0B-4C8B-B808-466219A9ACAC}.Debug|x64.ActiveCfg = Debug|Any CPU
		{A69692BB-7A0B-4C8B-B808-466219A9ACAC}.Debug|x64.Build.0 = Debug|Any CPU
		{A69692BB-7A0B-4C8B-B808-466219A9ACAC}.Debug|x86.ActiveCfg = Debug|Any CPU
		{A69692BB-7A0B-4C8B-B808-466219A9ACAC}.Debug|x86.Build.0 = Debug|Any CPU
		{A69692BB-7A0B-4C8B-B808-466219A9ACAC}.Release|Any CPU.ActiveCfg = Release|Any CPU
		{A69692BB-7A0B-4C8B-B808-466219A9ACAC}.Release|Any CPU.Build.0 = Release|Any CPU
		{A69692BB-7A0B-4C8B-B808-466219A9ACAC}.Release|x64.ActiveCfg = Release|Any CPU
		{A69692BB-7A0B-4C8B-B808-466219A9ACAC}.Release|x64.Build.0 = Release|Any CPU
		{A69692BB-7A0B-4C8B-B808-466219A9ACAC}.Release|x86.ActiveCfg = Release|Any CPU
		{A69692BB-7A0B-4C8B-B808-466219A9ACAC}.Release|x86.Build.0 = Release|Any CPU
		{96F47147-9F1A-4587-AACC-31152F0645FD}.Debug|Any CPU.ActiveCfg = Debug|Any CPU
		{96F47147-9F1A-4587-AACC-31152F0645FD}.Debug|Any CPU.Build.0 = Debug|Any CPU
		{96F47147-9F1A-4587-AACC-31152F0645FD}.Debug|x64.ActiveCfg = Debug|Any CPU
		{96F47147-9F1A-4587-AACC-31152F0645FD}.Debug|x64.Build.0 = Debug|Any CPU
		{96F47147-9F1A-4587-AACC-31152F0645FD}.Debug|x86.ActiveCfg = Debug|Any CPU
		{96F47147-9F1A-4587-AACC-31152F0645FD}.Debug|x86.Build.0 = Debug|Any CPU
		{96F47147-9F1A-4587-AACC-31152F0645FD}.Release|Any CPU.ActiveCfg = Release|Any CPU
		{96F47147-9F1A-4587-AACC-31152F0645FD}.Release|Any CPU.Build.0 = Release|Any CPU
		{96F47147-9F1A-4587-AACC-31152F0645FD}.Release|x64.ActiveCfg = Release|Any CPU
		{96F47147-9F1A-4587-AACC-31152F0645FD}.Release|x64.Build.0 = Release|Any CPU
		{96F47147-9F1A-4587-AACC-31152F0645FD}.Release|x86.ActiveCfg = Release|Any CPU
		{96F47147-9F1A-4587-AACC-31152F0645FD}.Release|x86.Build.0 = Release|Any CPU
	EndGlobalSection
	GlobalSection(SolutionProperties) = preSolution
		HideSolutionNode = FALSE
	EndGlobalSection
EndGlobal
